
Microsoft Visual Studio Solution File, Format Version 12.00
# Visual Studio Version 16
VisualStudioVersion = 16.0.30503.244
MinimumVisualStudioVersion = 10.0.40219.1
Project("{FAE04EC0-301F-11D3-BF4B-00C04F79EFBC}") = "LibraryLearnProj", "LibraryLearnProj\LibraryLearnProj.csproj", "{651B8947-5E53-43A7-97ED-4B6F3DE45531}"
EndProject
Global
	GlobalSection(SolutionConfigurationPlatforms) = preSolution
		Debug|Any CPU = Debug|Any CPU
		Release|Any CPU = Release|Any CPU
	EndGlobalSection
	GlobalSection(ProjectConfigurationPlatforms) = postSolution
		{651B8947-5E53-43A7-97ED-4B6F3DE45531}.Debug|Any CPU.ActiveCfg = Debug|Any CPU
		{651B8947-5E53-43A7-97ED-4B6F3DE45531}.Debug|Any CPU.Build.0 = Debug|Any CPU
		{651B8947-5E53-43A7-97ED-4B6F3DE45531}.Release|Any CPU.ActiveCfg = Release|Any CPU
		{651B8947-5E53-43A7-97ED-4B6F3DE45531}.Release|Any CPU.Build.0 = Release|Any CPU
	EndGlobalSection
	GlobalSection(SolutionProperties) = preSolution
		HideSolutionNode = FALSE
	EndGlobalSection
	GlobalSection(ExtensibilityGlobals) = postSolution
		SolutionGuid = {B9B67262-C8DD-4513-8132-6320F523A154}
	EndGlobalSection
EndGlobal
